
Microsoft Visual Studio Solution File, Format Version 12.00
# Visual Studio Version 16
VisualStudioVersion = 16.0.29025.244
MinimumVisualStudioVersion = 10.0.40219.1
Project("{FAE04EC0-301F-11D3-BF4B-00C04F79EFBC}") = "jessica_assignment2", "jessica_assignment2.csproj", "{C97EDC5D-1DA7-4C52-88E9-8653A933C9D2}"
EndProject
Global
	GlobalSection(SolutionConfigurationPlatforms) = preSolution
		Debug|Any CPU = Debug|Any CPU
		Release|Any CPU = Release|Any CPU
	EndGlobalSection
	GlobalSection(ProjectConfigurationPlatforms) = postSolution
		{C97EDC5D-1DA7-4C52-88E9-8653A933C9D2}.Debug|Any CPU.ActiveCfg = Debug|Any CPU
		{C97EDC5D-1DA7-4C52-88E9-8653A933C9D2}.Debug|Any CPU.Build.0 = Debug|Any CPU
		{C97EDC5D-1DA7-4C52-88E9-8653A933C9D2}.Release|Any CPU.ActiveCfg = Release|Any CPU
		{C97EDC5D-1DA7-4C52-88E9-8653A933C9D2}.Release|Any CPU.Build.0 = Release|Any CPU
	EndGlobalSection
	GlobalSection(SolutionProperties) = preSolution
		HideSolutionNode = FALSE
	EndGlobalSection
	GlobalSection(ExtensibilityGlobals) = postSolution
		SolutionGuid = {021FCB97-4FD0-485C-8588-42A8F92E6010}
	EndGlobalSection
EndGlobal
