
Microsoft Visual Studio Solution File, Format Version 12.00
# Visual Studio Version 16
VisualStudioVersion = 16.0.29424.173
MinimumVisualStudioVersion = 10.0.40219.1
Project("{FAE04EC0-301F-11D3-BF4B-00C04F79EFBC}") = "MinHeapLab", "ConsoleApp1\MinHeapLab.csproj", "{ED469322-7FF2-4B22-97D6-9BBD29FD3BEA}"
EndProject
Global
	GlobalSection(SolutionConfigurationPlatforms) = preSolution
		Debug|Any CPU = Debug|Any CPU
		Release|Any CPU = Release|Any CPU
	EndGlobalSection
	GlobalSection(ProjectConfigurationPlatforms) = postSolution
		{ED469322-7FF2-4B22-97D6-9BBD29FD3BEA}.Debug|Any CPU.ActiveCfg = Debug|Any CPU
		{ED469322-7FF2-4B22-97D6-9BBD29FD3BEA}.Debug|Any CPU.Build.0 = Debug|Any CPU
		{ED469322-7FF2-4B22-97D6-9BBD29FD3BEA}.Release|Any CPU.ActiveCfg = Release|Any CPU
		{ED469322-7FF2-4B22-97D6-9BBD29FD3BEA}.Release|Any CPU.Build.0 = Release|Any CPU
	EndGlobalSection
	GlobalSection(SolutionProperties) = preSolution
		HideSolutionNode = FALSE
	EndGlobalSection
	GlobalSection(ExtensibilityGlobals) = postSolution
		SolutionGuid = {0850C46E-161E-47A4-8C60-B6A08430D0D6}
	EndGlobalSection
EndGlobal
